
Microsoft Visual Studio Solution File, Format Version 12.00
# Visual Studio Version 17
VisualStudioVersion = 17.3.32929.385
MinimumVisualStudioVersion = 10.0.40219.1
Project("{FAE04EC0-301F-11D3-BF4B-00C04F79EFBC}") = "cdk-pipelines-github-actions", "cdk-pipelines-github-actions\cdk-pipelines-github-actions.csproj", "{09DCEC1C-8AA6-4F9E-87AC-FA0133B0396A}"
EndProject
Global
	GlobalSection(SolutionConfigurationPlatforms) = preSolution
		Debug|Any CPU = Debug|Any CPU
		Release|Any CPU = Release|Any CPU
	EndGlobalSection
	GlobalSection(ProjectConfigurationPlatforms) = postSolution
		{09DCEC1C-8AA6-4F9E-87AC-FA0133B0396A}.Debug|Any CPU.ActiveCfg = Debug|Any CPU
		{09DCEC1C-8AA6-4F9E-87AC-FA0133B0396A}.Debug|Any CPU.Build.0 = Debug|Any CPU
		{09DCEC1C-8AA6-4F9E-87AC-FA0133B0396A}.Release|Any CPU.ActiveCfg = Release|Any CPU
		{09DCEC1C-8AA6-4F9E-87AC-FA0133B0396A}.Release|Any CPU.Build.0 = Release|Any CPU
	EndGlobalSection
	GlobalSection(SolutionProperties) = preSolution
		HideSolutionNode = FALSE
	EndGlobalSection
	GlobalSection(ExtensibilityGlobals) = postSolution
		SolutionGuid = {CBE56635-BC55-4D8D-91F2-E06EB12DB573}
	EndGlobalSection
EndGlobal
